// !$*UTF8*$!
{
	archiveVersion = 1;
	classes = {
	};
	objectVersion = 46;
	objects = {

/* Begin PBXBuildFile section */
		3A6544D01F12A26F00CA133E /* Constants.swift in Sources */ = {isa = PBXBuildFile; fileRef = 3A6544CF1F12A26F00CA133E /* Constants.swift */; };
		DE0A90D21F123B520016A1DA /* Default-568h@2x.png in Resources */ = {isa = PBXBuildFile; fileRef = DE0A90D11F123B520016A1DA /* Default-568h@2x.png */; };
		DE70EC6B1F11A5C400CDEFDD /* RestKit.framework in Frameworks */ = {isa = PBXBuildFile; fileRef = DE70EC6A1F11A5C400CDEFDD /* RestKit.framework */; };
		DE70EC6C1F11A5C400CDEFDD /* RestKit.framework in Embed Frameworks */ = {isa = PBXBuildFile; fileRef = DE70EC6A1F11A5C400CDEFDD /* RestKit.framework */; settings = {ATTRIBUTES = (CodeSignOnCopy, RemoveHeadersOnCopy, ); }; };
		DE70EC6F1F11A5DC00CDEFDD /* TextToSpeechV1.framework in Frameworks */ = {isa = PBXBuildFile; fileRef = DE70EC6E1F11A5DC00CDEFDD /* TextToSpeechV1.framework */; };
		DE70EC701F11A5DC00CDEFDD /* TextToSpeechV1.framework in Embed Frameworks */ = {isa = PBXBuildFile; fileRef = DE70EC6E1F11A5DC00CDEFDD /* TextToSpeechV1.framework */; settings = {ATTRIBUTES = (CodeSignOnCopy, RemoveHeadersOnCopy, ); }; };
		DE70EC731F11B2D400CDEFDD /* SpeechToTextV1.framework in Embed Frameworks */ = {isa = PBXBuildFile; fileRef = DE70EC721F11B2D400CDEFDD /* SpeechToTextV1.framework */; settings = {ATTRIBUTES = (CodeSignOnCopy, RemoveHeadersOnCopy, ); }; };
		DE70EC751F11FA2200CDEFDD /* LanguageTranslatorV2.framework in Frameworks */ = {isa = PBXBuildFile; fileRef = DE70EC741F11FA2200CDEFDD /* LanguageTranslatorV2.framework */; };
		DE70EC761F11FA2300CDEFDD /* LanguageTranslatorV2.framework in Embed Frameworks */ = {isa = PBXBuildFile; fileRef = DE70EC741F11FA2200CDEFDD /* LanguageTranslatorV2.framework */; settings = {ATTRIBUTES = (CodeSignOnCopy, RemoveHeadersOnCopy, ); }; };
		DEB06B031F118D3E00317751 /* AppDelegate.swift in Sources */ = {isa = PBXBuildFile; fileRef = DEB06B021F118D3E00317751 /* AppDelegate.swift */; };
		DEB06B051F118D3E00317751 /* ViewController.swift in Sources */ = {isa = PBXBuildFile; fileRef = DEB06B041F118D3E00317751 /* ViewController.swift */; };
		DEB06B081F118D3E00317751 /* Main.storyboard in Resources */ = {isa = PBXBuildFile; fileRef = DEB06B061F118D3E00317751 /* Main.storyboard */; };
		DEB06B0A1F118D3E00317751 /* Assets.xcassets in Resources */ = {isa = PBXBuildFile; fileRef = DEB06B091F118D3E00317751 /* Assets.xcassets */; };
		DEB06B0D1F118D3E00317751 /* LaunchScreen.storyboard in Resources */ = {isa = PBXBuildFile; fileRef = DEB06B0B1F118D3E00317751 /* LaunchScreen.storyboard */; };
/* End PBXBuildFile section */

/* Begin PBXCopyFilesBuildPhase section */
		DE70EC6D1F11A5C400CDEFDD /* Embed Frameworks */ = {
			isa = PBXCopyFilesBuildPhase;
			buildActionMask = 2147483647;
			dstPath = "";
			dstSubfolderSpec = 10;
			files = (
				DE70EC761F11FA2300CDEFDD /* LanguageTranslatorV2.framework in Embed Frameworks */,
				DE70EC731F11B2D400CDEFDD /* SpeechToTextV1.framework in Embed Frameworks */,
				DE70EC6C1F11A5C400CDEFDD /* RestKit.framework in Embed Frameworks */,
				DE70EC701F11A5DC00CDEFDD /* TextToSpeechV1.framework in Embed Frameworks */,
			);
			name = "Embed Frameworks";
			runOnlyForDeploymentPostprocessing = 0;
		};
/* End PBXCopyFilesBuildPhase section */

/* Begin PBXFileReference section */
		3A6544CF1F12A26F00CA133E /* Constants.swift */ = {isa = PBXFileReference; fileEncoding = 4; lastKnownFileType = sourcecode.swift; path = Constants.swift; sourceTree = "<group>"; };
		DE0A90D11F123B520016A1DA /* Default-568h@2x.png */ = {isa = PBXFileReference; lastKnownFileType = image.png; path = "Default-568h@2x.png"; sourceTree = "<group>"; };
		DE70EC6A1F11A5C400CDEFDD /* RestKit.framework */ = {isa = PBXFileReference; lastKnownFileType = wrapper.framework; name = RestKit.framework; path = Carthage/Build/iOS/RestKit.framework; sourceTree = "<group>"; };
		DE70EC6E1F11A5DC00CDEFDD /* TextToSpeechV1.framework */ = {isa = PBXFileReference; lastKnownFileType = wrapper.framework; name = TextToSpeechV1.framework; path = Carthage/Build/iOS/TextToSpeechV1.framework; sourceTree = "<group>"; };
		DE70EC721F11B2D400CDEFDD /* SpeechToTextV1.framework */ = {isa = PBXFileReference; lastKnownFileType = wrapper.framework; name = SpeechToTextV1.framework; path = Carthage/Build/iOS/SpeechToTextV1.framework; sourceTree = "<group>"; };
		DE70EC741F11FA2200CDEFDD /* LanguageTranslatorV2.framework */ = {isa = PBXFileReference; lastKnownFileType = wrapper.framework; name = LanguageTranslatorV2.framework; path = Carthage/Build/iOS/LanguageTranslatorV2.framework; sourceTree = "<group>"; };
		DEB06AFF1F118D3E00317751 /* Watson Speaks.app */ = {isa = PBXFileReference; explicitFileType = wrapper.application; includeInIndex = 0; path = "Watson Speaks.app"; sourceTree = BUILT_PRODUCTS_DIR; };
		DEB06B021F118D3E00317751 /* AppDelegate.swift */ = {isa = PBXFileReference; lastKnownFileType = sourcecode.swift; path = AppDelegate.swift; sourceTree = "<group>"; };
		DEB06B041F118D3E00317751 /* ViewController.swift */ = {isa = PBXFileReference; lastKnownFileType = sourcecode.swift; path = ViewController.swift; sourceTree = "<group>"; };
		DEB06B071F118D3E00317751 /* Base */ = {isa = PBXFileReference; lastKnownFileType = file.storyboard; name = Base; path = Base.lproj/Main.storyboard; sourceTree = "<group>"; };
		DEB06B091F118D3E00317751 /* Assets.xcassets */ = {isa = PBXFileReference; lastKnownFileType = folder.assetcatalog; path = Assets.xcassets; sourceTree = "<group>"; };
		DEB06B0C1F118D3E00317751 /* Base */ = {isa = PBXFileReference; lastKnownFileType = file.storyboard; name = Base; path = Base.lproj/LaunchScreen.storyboard; sourceTree = "<group>"; };
		DEB06B0E1F118D3E00317751 /* Info.plist */ = {isa = PBXFileReference; lastKnownFileType = text.plist.xml; path = Info.plist; sourceTree = "<group>"; };
/* End PBXFileReference section */

/* Begin PBXFrameworksBuildPhase section */
		DEB06AFC1F118D3E00317751 /* Frameworks */ = {
			isa = PBXFrameworksBuildPhase;
			buildActionMask = 2147483647;
			files = (
				DE70EC6B1F11A5C400CDEFDD /* RestKit.framework in Frameworks */,
				DE70EC751F11FA2200CDEFDD /* LanguageTranslatorV2.framework in Frameworks */,
				DE70EC6F1F11A5DC00CDEFDD /* TextToSpeechV1.framework in Frameworks */,
			);
			runOnlyForDeploymentPostprocessing = 0;
		};
/* End PBXFrameworksBuildPhase section */

/* Begin PBXGroup section */
		DEB06AF61F118D3E00317751 = {
			isa = PBXGroup;
			children = (
				DE0A90D11F123B520016A1DA /* Default-568h@2x.png */,
				DE70EC741F11FA2200CDEFDD /* LanguageTranslatorV2.framework */,
				DE70EC721F11B2D400CDEFDD /* SpeechToTextV1.framework */,
				DE70EC6E1F11A5DC00CDEFDD /* TextToSpeechV1.framework */,
				DE70EC6A1F11A5C400CDEFDD /* RestKit.framework */,
				DEB06B011F118D3E00317751 /* Watson Speaks */,
				DEB06B001F118D3E00317751 /* Products */,
			);
			sourceTree = "<group>";
		};
		DEB06B001F118D3E00317751 /* Products */ = {
			isa = PBXGroup;
			children = (
				DEB06AFF1F118D3E00317751 /* Watson Speaks.app */,
			);
			name = Products;
			sourceTree = "<group>";
		};
		DEB06B011F118D3E00317751 /* Watson Speaks */ = {
			isa = PBXGroup;
			children = (
				DEB06B021F118D3E00317751 /* AppDelegate.swift */,
				DEB06B041F118D3E00317751 /* ViewController.swift */,
				DEB06B061F118D3E00317751 /* Main.storyboard */,
				DEB06B091F118D3E00317751 /* Assets.xcassets */,
				DEB06B0B1F118D3E00317751 /* LaunchScreen.storyboard */,
				DEB06B0E1F118D3E00317751 /* Info.plist */,
				3A6544CF1F12A26F00CA133E /* Constants.swift */,
			);
			path = "Watson Speaks";
			sourceTree = "<group>";
		};
/* End PBXGroup section */

/* Begin PBXNativeTarget section */
		DEB06AFE1F118D3E00317751 /* Watson Speaks */ = {
			isa = PBXNativeTarget;
			buildConfigurationList = DEB06B111F118D3E00317751 /* Build configuration list for PBXNativeTarget "Watson Speaks" */;
			buildPhases = (
				DEB06AFB1F118D3E00317751 /* Sources */,
				DEB06AFC1F118D3E00317751 /* Frameworks */,
				DEB06AFD1F118D3E00317751 /* Resources */,
				DE70EC6D1F11A5C400CDEFDD /* Embed Frameworks */,
				DE70EC711F11A66700CDEFDD /* ShellScript */,
			);
			buildRules = (
			);
			dependencies = (
			);
			name = "Watson Speaks";
			productName = "Watson Speaks";
			productReference = DEB06AFF1F118D3E00317751 /* Watson Speaks.app */;
			productType = "com.apple.product-type.application";
		};
/* End PBXNativeTarget section */

/* Begin PBXProject section */
		DEB06AF71F118D3E00317751 /* Project object */ = {
			isa = PBXProject;
			attributes = {
				LastSwiftUpdateCheck = 0830;
				LastUpgradeCheck = 0830;
				ORGANIZATIONNAME = "Alick C Zhang";
				TargetAttributes = {
					DEB06AFE1F118D3E00317751 = {
						CreatedOnToolsVersion = 8.3.3;
						DevelopmentTeam = 854F25WCHE;
						ProvisioningStyle = Automatic;
					};
				};
			};
			buildConfigurationList = DEB06AFA1F118D3E00317751 /* Build configuration list for PBXProject "Watson Speaks" */;
			compatibilityVersion = "Xcode 3.2";
			developmentRegion = English;
			hasScannedForEncodings = 0;
			knownRegions = (
				en,
				Base,
			);
			mainGroup = DEB06AF61F118D3E00317751;
			productRefGroup = DEB06B001F118D3E00317751 /* Products */;
			projectDirPath = "";
			projectRoot = "";
			targets = (
				DEB06AFE1F118D3E00317751 /* Watson Speaks */,
			);
		};
/* End PBXProject section */

/* Begin PBXResourcesBuildPhase section */
		DEB06AFD1F118D3E00317751 /* Resources */ = {
			isa = PBXResourcesBuildPhase;
			buildActionMask = 2147483647;
			files = (
				DEB06B0D1F118D3E00317751 /* LaunchScreen.storyboard in Resources */,
				DE0A90D21F123B520016A1DA /* Default-568h@2x.png in Resources */,
				DEB06B0A1F118D3E00317751 /* Assets.xcassets in Resources */,
				DEB06B081F118D3E00317751 /* Main.storyboard in Resources */,
			);
			runOnlyForDeploymentPostprocessing = 0;
		};
/* End PBXResourcesBuildPhase section */

/* Begin PBXShellScriptBuildPhase section */
		DE70EC711F11A66700CDEFDD /* ShellScript */ = {
			isa = PBXShellScriptBuildPhase;
			buildActionMask = 2147483647;
			files = (
			);
			inputPaths = (
				"$(SRCROOT)/Carthage/Build/iOS/TextToSpeechV1.framework",
				"$(SRCROOT)/Carthage/Build/iOS/RestKit.framework",
				"$(SRCROOT)/Carthage/Build/iOS/SpeechToTextV1.framework",
			);
			outputPaths = (
			);
			runOnlyForDeploymentPostprocessing = 0;
			shellPath = /bin/sh;
			shellScript = "/usr/local/bin/carthage copy-frameworks";
		};
/* End PBXShellScriptBuildPhase section */

/* Begin PBXSourcesBuildPhase section */
		DEB06AFB1F118D3E00317751 /* Sources */ = {
			isa = PBXSourcesBuildPhase;
			buildActionMask = 2147483647;
			files = (
				DEB06B051F118D3E00317751 /* ViewController.swift in Sources */,
				DEB06B031F118D3E00317751 /* AppDelegate.swift in Sources */,
				3A6544D01F12A26F00CA133E /* Constants.swift in Sources */,
			);
			runOnlyForDeploymentPostprocessing = 0;
		};
/* End PBXSourcesBuildPhase section */

/* Begin PBXVariantGroup section */
		DEB06B061F118D3E00317751 /* Main.storyboard */ = {
			isa = PBXVariantGroup;
			children = (
				DEB06B071F118D3E00317751 /* Base */,
			);
			name = Main.storyboard;
			sourceTree = "<group>";
		};
		DEB06B0B1F118D3E00317751 /* LaunchScreen.storyboard */ = {
			isa = PBXVariantGroup;
			children = (
				DEB06B0C1F118D3E00317751 /* Base */,
			);
			name = LaunchScreen.storyboard;
			sourceTree = "<group>";
		};
/* End PBXVariantGroup section */

/* Begin XCBuildConfiguration section */
		DEB06B0F1F118D3E00317751 /* Debug */ = {
			isa = XCBuildConfiguration;
			buildSettings = {
				ALWAYS_SEARCH_USER_PATHS = NO;
				CLANG_ANALYZER_NONNULL = YES;
				CLANG_ANALYZER_NUMBER_OBJECT_CONVERSION = YES_AGGRESSIVE;
				CLANG_CXX_LANGUAGE_STANDARD = "gnu++0x";
				CLANG_CXX_LIBRARY = "libc++";
				CLANG_ENABLE_MODULES = YES;
				CLANG_ENABLE_OBJC_ARC = YES;
				CLANG_WARN_BOOL_CONVERSION = YES;
				CLANG_WARN_CONSTANT_CONVERSION = YES;
				CLANG_WARN_DIRECT_OBJC_ISA_USAGE = YES_ERROR;
				CLANG_WARN_DOCUMENTATION_COMMENTS = YES;
				CLANG_WARN_EMPTY_BODY = YES;
				CLANG_WARN_ENUM_CONVERSION = YES;
				CLANG_WARN_INFINITE_RECURSION = YES;
				CLANG_WARN_INT_CONVERSION = YES;
				CLANG_WARN_OBJC_ROOT_CLASS = YES_ERROR;
				CLANG_WARN_SUSPICIOUS_MOVE = YES;
				CLANG_WARN_UNREACHABLE_CODE = YES;
				CLANG_WARN__DUPLICATE_METHOD_MATCH = YES;
				"CODE_SIGN_IDENTITY[sdk=iphoneos*]" = "iPhone Developer";
				COPY_PHASE_STRIP = NO;
				DEBUG_INFORMATION_FORMAT = dwarf;
				ENABLE_STRICT_OBJC_MSGSEND = YES;
				ENABLE_TESTABILITY = YES;
				GCC_C_LANGUAGE_STANDARD = gnu99;
				GCC_DYNAMIC_NO_PIC = NO;
				GCC_NO_COMMON_BLOCKS = YES;
				GCC_OPTIMIZATION_LEVEL = 0;
				GCC_PREPROCESSOR_DEFINITIONS = (
					"DEBUG=1",
					"$(inherited)",
				);
				GCC_WARN_64_TO_32_BIT_CONVERSION = YES;
				GCC_WARN_ABOUT_RETURN_TYPE = YES_ERROR;
				GCC_WARN_UNDECLARED_SELECTOR = YES;
				GCC_WARN_UNINITIALIZED_AUTOS = YES_AGGRESSIVE;
				GCC_WARN_UNUSED_FUNCTION = YES;
				GCC_WARN_UNUSED_VARIABLE = YES;
				IPHONEOS_DEPLOYMENT_TARGET = 10.3;
				MTL_ENABLE_DEBUG_INFO = YES;
				ONLY_ACTIVE_ARCH = YES;
				SDKROOT = iphoneos;
				SWIFT_ACTIVE_COMPILATION_CONDITIONS = DEBUG;
				SWIFT_OPTIMIZATION_LEVEL = "-Onone";
				TARGETED_DEVICE_FAMILY = "1,2";
			};
			name = Debug;
		};
		DEB06B101F118D3E00317751 /* Release */ = {
			isa = XCBuildConfiguration;
			buildSettings = {
				ALWAYS_SEARCH_USER_PATHS = NO;
				CLANG_ANALYZER_NONNULL = YES;
				CLANG_ANALYZER_NUMBER_OBJECT_CONVERSION = YES_AGGRESSIVE;
				CLANG_CXX_LANGUAGE_STANDARD = "gnu++0x";
				CLANG_CXX_LIBRARY = "libc++";
				CLANG_ENABLE_MODULES = YES;
				CLANG_ENABLE_OBJC_ARC = YES;
				CLANG_WARN_BOOL_CONVERSION = YES;
				CLANG_WARN_CONSTANT_CONVERSION = YES;
				CLANG_WARN_DIRECT_OBJC_ISA_USAGE = YES_ERROR;
				CLANG_WARN_DOCUMENTATION_COMMENTS = YES;
				CLANG_WARN_EMPTY_BODY = YES;
				CLANG_WARN_ENUM_CONVERSION = YES;
				CLANG_WARN_INFINITE_RECURSION = YES;
				CLANG_WARN_INT_CONVERSION = YES;
				CLANG_WARN_OBJC_ROOT_CLASS = YES_ERROR;
				CLANG_WARN_SUSPICIOUS_MOVE = YES;
				CLANG_WARN_UNREACHABLE_CODE = YES;
				CLANG_WARN__DUPLICATE_METHOD_MATCH = YES;
				"CODE_SIGN_IDENTITY[sdk=iphoneos*]" = "iPhone Developer";
				COPY_PHASE_STRIP = NO;
				DEBUG_INFORMATION_FORMAT = "dwarf-with-dsym";
				ENABLE_NS_ASSERTIONS = NO;
				ENABLE_STRICT_OBJC_MSGSEND = YES;
				GCC_C_LANGUAGE_STANDARD = gnu99;
				GCC_NO_COMMON_BLOCKS = YES;
				GCC_WARN_64_TO_32_BIT_CONVERSION = YES;
				GCC_WARN_ABOUT_RETURN_TYPE = YES_ERROR;
				GCC_WARN_UNDECLARED_SELECTOR = YES;
				GCC_WARN_UNINITIALIZED_AUTOS = YES_AGGRESSIVE;
				GCC_WARN_UNUSED_FUNCTION = YES;
				GCC_WARN_UNUSED_VARIABLE = YES;
				IPHONEOS_DEPLOYMENT_TARGET = 10.3;
				MTL_ENABLE_DEBUG_INFO = NO;
				SDKROOT = iphoneos;
				SWIFT_OPTIMIZATION_LEVEL = "-Owholemodule";
				TARGETED_DEVICE_FAMILY = "1,2";
				VALIDATE_PRODUCT = YES;
			};
			name = Release;
		};
		DEB06B121F118D3E00317751 /* Debug */ = {
			isa = XCBuildConfiguration;
			buildSettings = {
				ASSETCATALOG_COMPILER_APPICON_NAME = AppIcon;
				DEVELOPMENT_TEAM = 854F25WCHE;
				FRAMEWORK_SEARCH_PATHS = (
					"$(inherited)",
					"$(PROJECT_DIR)/Carthage/Build/iOS",
				);
				INFOPLIST_FILE = "Watson Speaks/Info.plist";
				LD_RUNPATH_SEARCH_PATHS = "$(inherited) @executable_path/Frameworks";
				PRODUCT_BUNDLE_IDENTIFIER = "com.Watson-Speaks";
				PRODUCT_NAME = "$(TARGET_NAME)";
				SWIFT_VERSION = 3.0;
			};
			name = Debug;
		};
		DEB06B131F118D3E00317751 /* Release */ = {
			isa = XCBuildConfiguration;
			buildSettings = {
				ASSETCATALOG_COMPILER_APPICON_NAME = AppIcon;
				DEVELOPMENT_TEAM = 854F25WCHE;
				FRAMEWORK_SEARCH_PATHS = (
					"$(inherited)",
					"$(PROJECT_DIR)/Carthage/Build/iOS",
				);
				INFOPLIST_FILE = "Watson Speaks/Info.plist";
				LD_RUNPATH_SEARCH_PATHS = "$(inherited) @executable_path/Frameworks";
				PRODUCT_BUNDLE_IDENTIFIER = "com.Watson-Speaks";
				PRODUCT_NAME = "$(TARGET_NAME)";
				SWIFT_VERSION = 3.0;
			};
			name = Release;
		};
/* End XCBuildConfiguration section */

/* Begin XCConfigurationList section */
		DEB06AFA1F118D3E00317751 /* Build configuration list for PBXProject "Watson Speaks" */ = {
			isa = XCConfigurationList;
			buildConfigurations = (
				DEB06B0F1F118D3E00317751 /* Debug */,
				DEB06B101F118D3E00317751 /* Release */,
			);
			defaultConfigurationIsVisible = 0;
			defaultConfigurationName = Release;
		};
		DEB06B111F118D3E00317751 /* Build configuration list for PBXNativeTarget "Watson Speaks" */ = {
			isa = XCConfigurationList;
			buildConfigurations = (
				DEB06B121F118D3E00317751 /* Debug */,
				DEB06B131F118D3E00317751 /* Release */,
			);
			defaultConfigurationIsVisible = 0;
			defaultConfigurationName = Release;
		};
/* End XCConfigurationList section */
	};
	rootObject = DEB06AF71F118D3E00317751 /* Project object */;
}
